
Microsoft Visual Studio Solution File, Format Version 12.00
# Visual Studio 15
VisualStudioVersion = 15.0.27004.2005
MinimumVisualStudioVersion = 10.0.40219.1
Project("{FAE04EC0-301F-11D3-BF4B-00C04F79EFBC}") = "TicketBox.WebUI", "TicketBox.WebUI\TicketBox.WebUI.csproj", "{4A93F6CC-EA59-4628-BC90-E8331F06393B}"
EndProject
Global
	GlobalSection(SolutionConfigurationPlatforms) = preSolution
		Debug|Any CPU = Debug|Any CPU
		Release|Any CPU = Release|Any CPU
	EndGlobalSection
	GlobalSection(ProjectConfigurationPlatforms) = postSolution
		{4A93F6CC-EA59-4628-BC90-E8331F06393B}.Debug|Any CPU.ActiveCfg = Debug|Any CPU
		{4A93F6CC-EA59-4628-BC90-E8331F06393B}.Debug|Any CPU.Build.0 = Debug|Any CPU
		{4A93F6CC-EA59-4628-BC90-E8331F06393B}.Release|Any CPU.ActiveCfg = Release|Any CPU
		{4A93F6CC-EA59-4628-BC90-E8331F06393B}.Release|Any CPU.Build.0 = Release|Any CPU
	EndGlobalSection
	GlobalSection(SolutionProperties) = preSolution
		HideSolutionNode = FALSE
	EndGlobalSection
	GlobalSection(ExtensibilityGlobals) = postSolution
		SolutionGuid = {734CD660-7E2D-41F3-B8EC-3BDAE4F8783D}
	EndGlobalSection
EndGlobal
